{
  "requires": true,
  "lockfileVersion": 1,
  "dependencies": {
    "@angular/core": {
      "version": "11.2.3",
      "resolved": "https://registry.npmjs.org/@angular/core/-/core-11.2.3.tgz",
      "integrity": "sha512-+G7rZj21Mcmf6nWjQ79EwomwEOVQ1WLqw6YvCXWzgJ9ZlVjLi/Sti0/jIzUpgK0E0Fn86yuXw/vgYq5kjGeOcQ==",
      "requires": {
        "tslib": "^2.0.0"
      }
    },
    "tslib": {
      "version": "2.1.0",
      "resolved": "https://registry.npmjs.org/tslib/-/tslib-2.1.0.tgz",
      "integrity": "sha512-hcVC3wYEziELGGmEEXue7D75zbwIIVUMWAVbHItGPx0ziyXxrOMQx4rQEVEV45Ut/1IotuEvwqPopzIOkDMf0A=="
    }
  }
}
